
Microsoft Visual Studio Solution File, Format Version 12.00
# Visual Studio Version 17
VisualStudioVersion = 17.10.34928.147
MinimumVisualStudioVersion = 10.0.40219.1
Project("{8BC9CEB8-8B4A-11D0-8D11-00A0C91BC942}") = "VR_Project", "VR_Project\VR_Project.vcxproj", "{A42898B1-09EE-4CF6-805F-9FC29B14AE3E}"
EndProject
Project("{8BC9CEB8-8B4A-11D0-8D11-00A0C91BC942}") = "MR_Project", "MR_Project\MR_Project.vcxproj", "{1D2BFD25-3C6A-4FE5-ACDC-FBD2DE2DD7E1}"
EndProject
Project("{8BC9CEB8-8B4A-11D0-8D11-00A0C91BC942}") = "MR_Project_S1", "MR_Project_S1\MR_Project_S1.vcxproj", "{9B8860D9-8EB2-4CBA-A071-F7F992ACFCAB}"
EndProject
Project("{8BC9CEB8-8B4A-11D0-8D11-00A0C91BC942}") = "MR_Project_X1", "MR_Project_X1\MR_Project_X1.vcxproj", "{808D3D69-DE46-408D-903E-39F7EFA37709}"
EndProject
Project("{8BC9CEB8-8B4A-11D0-8D11-00A0C91BC942}") = "libjpeg", "libjpeg\libjpeg.vcxproj", "{B36DEA25-1F32-46E7-AAEB-D9CACE9A292B}"
EndProject
Project("{8BC9CEB8-8B4A-11D0-8D11-00A0C91BC942}") = "VRFrameLink", "VRFrameLink\VRFrameLink.vcxproj", "{FC73DA60-DBA3-45DF-916F-1C7559487268}"
EndProject
Project("{8BC9CEB8-8B4A-11D0-8D11-00A0C91BC942}") = "VRFrameLink_Sample", "VRFrameLink_Sample\VRFrameLink_Sample.vcxproj", "{014A6F69-4350-4335-9D85-D8C37AA010CD}"
EndProject
Global
	GlobalSection(SolutionConfigurationPlatforms) = preSolution
		Debug|Win32 = Debug|Win32
		Debug|x64 = Debug|x64
		Release|Win32 = Release|Win32
		Release|x64 = Release|x64
	EndGlobalSection
	GlobalSection(ProjectConfigurationPlatforms) = postSolution
		{A42898B1-09EE-4CF6-805F-9FC29B14AE3E}.Debug|Win32.ActiveCfg = Debug|Win32
		{A42898B1-09EE-4CF6-805F-9FC29B14AE3E}.Debug|Win32.Build.0 = Debug|Win32
		{A42898B1-09EE-4CF6-805F-9FC29B14AE3E}.Debug|x64.ActiveCfg = Debug|x64
		{A42898B1-09EE-4CF6-805F-9FC29B14AE3E}.Debug|x64.Build.0 = Debug|x64
		{A42898B1-09EE-4CF6-805F-9FC29B14AE3E}.Release|Win32.ActiveCfg = Release|Win32
		{A42898B1-09EE-4CF6-805F-9FC29B14AE3E}.Release|Win32.Build.0 = Release|Win32
		{A42898B1-09EE-4CF6-805F-9FC29B14AE3E}.Release|x64.ActiveCfg = Release|x64
		{A42898B1-09EE-4CF6-805F-9FC29B14AE3E}.Release|x64.Build.0 = Release|x64
		{1D2BFD25-3C6A-4FE5-ACDC-FBD2DE2DD7E1}.Debug|Win32.ActiveCfg = Debug|Win32
		{1D2BFD25-3C6A-4FE5-ACDC-FBD2DE2DD7E1}.Debug|Win32.Build.0 = Debug|Win32
		{1D2BFD25-3C6A-4FE5-ACDC-FBD2DE2DD7E1}.Debug|x64.ActiveCfg = Debug|x64
		{1D2BFD25-3C6A-4FE5-ACDC-FBD2DE2DD7E1}.Debug|x64.Build.0 = Debug|x64
		{1D2BFD25-3C6A-4FE5-ACDC-FBD2DE2DD7E1}.Release|Win32.ActiveCfg = Release|Win32
		{1D2BFD25-3C6A-4FE5-ACDC-FBD2DE2DD7E1}.Release|Win32.Build.0 = Release|Win32
		{1D2BFD25-3C6A-4FE5-ACDC-FBD2DE2DD7E1}.Release|x64.ActiveCfg = Release|x64
		{1D2BFD25-3C6A-4FE5-ACDC-FBD2DE2DD7E1}.Release|x64.Build.0 = Release|x64
		{9B8860D9-8EB2-4CBA-A071-F7F992ACFCAB}.Debug|Win32.ActiveCfg = Debug|Win32
		{9B8860D9-8EB2-4CBA-A071-F7F992ACFCAB}.Debug|Win32.Build.0 = Debug|Win32
		{9B8860D9-8EB2-4CBA-A071-F7F992ACFCAB}.Debug|x64.ActiveCfg = Debug|x64
		{9B8860D9-8EB2-4CBA-A071-F7F992ACFCAB}.Debug|x64.Build.0 = Debug|x64
		{9B8860D9-8EB2-4CBA-A071-F7F992ACFCAB}.Release|Win32.ActiveCfg = Release|Win32
		{9B8860D9-8EB2-4CBA-A071-F7F992ACFCAB}.Release|Win32.Build.0 = Release|Win32
		{9B8860D9-8EB2-4CBA-A071-F7F992ACFCAB}.Release|x64.ActiveCfg = Release|x64
		{9B8860D9-8EB2-4CBA-A071-F7F992ACFCAB}.Release|x64.Build.0 = Release|x64
		{808D3D69-DE46-408D-903E-39F7EFA37709}.Debug|Win32.ActiveCfg = Debug|Win32
		{808D3D69-DE46-408D-903E-39F7EFA37709}.Debug|Win32.Build.0 = Debug|Win32
		{808D3D69-DE46-408D-903E-39F7EFA37709}.Debug|x64.ActiveCfg = Debug|x64
		{808D3D69-DE46-408D-903E-39F7EFA37709}.Debug|x64.Build.0 = Debug|x64
		{808D3D69-DE46-408D-903E-39F7EFA37709}.Release|Win32.ActiveCfg = Release|Win32
		{808D3D69-DE46-408D-903E-39F7EFA37709}.Release|Win32.Build.0 = Release|Win32
		{808D3D69-DE46-408D-903E-39F7EFA37709}.Release|x64.ActiveCfg = Release|x64
		{808D3D69-DE46-408D-903E-39F7EFA37709}.Release|x64.Build.0 = Release|x64
		{B36DEA25-1F32-46E7-AAEB-D9CACE9A292B}.Debug|Win32.ActiveCfg = Debug|Win32
		{B36DEA25-1F32-46E7-AAEB-D9CACE9A292B}.Debug|Win32.Build.0 = Debug|Win32
		{B36DEA25-1F32-46E7-AAEB-D9CACE9A292B}.Debug|x64.ActiveCfg = Debug|x64
		{B36DEA25-1F32-46E7-AAEB-D9CACE9A292B}.Debug|x64.Build.0 = Debug|x64
		{B36DEA25-1F32-46E7-AAEB-D9CACE9A292B}.Release|Win32.ActiveCfg = Release|Win32
		{B36DEA25-1F32-46E7-AAEB-D9CACE9A292B}.Release|Win32.Build.0 = Release|Win32
		{B36DEA25-1F32-46E7-AAEB-D9CACE9A292B}.Release|x64.ActiveCfg = Release|x64
		{B36DEA25-1F32-46E7-AAEB-D9CACE9A292B}.Release|x64.Build.0 = Release|x64
		{FC73DA60-DBA3-45DF-916F-1C7559487268}.Debug|Win32.ActiveCfg = Debug|Win32
		{FC73DA60-DBA3-45DF-916F-1C7559487268}.Debug|Win32.Build.0 = Debug|Win32
		{FC73DA60-DBA3-45DF-916F-1C7559487268}.Debug|x64.ActiveCfg = Debug|x64
		{FC73DA60-DBA3-45DF-916F-1C7559487268}.Debug|x64.Build.0 = Debug|x64
		{FC73DA60-DBA3-45DF-916F-1C7559487268}.Release|Win32.ActiveCfg = Release|Win32
		{FC73DA60-DBA3-45DF-916F-1C7559487268}.Release|Win32.Build.0 = Release|Win32
		{FC73DA60-DBA3-45DF-916F-1C7559487268}.Release|x64.ActiveCfg = Release|x64
		{FC73DA60-DBA3-45DF-916F-1C7559487268}.Release|x64.Build.0 = Release|x64
		{014A6F69-4350-4335-9D85-D8C37AA010CD}.Debug|Win32.ActiveCfg = Debug|Win32
		{014A6F69-4350-4335-9D85-D8C37AA010CD}.Debug|Win32.Build.0 = Debug|Win32
		{014A6F69-4350-4335-9D85-D8C37AA010CD}.Debug|x64.ActiveCfg = Debug|x64
		{014A6F69-4350-4335-9D85-D8C37AA010CD}.Debug|x64.Build.0 = Debug|x64
		{014A6F69-4350-4335-9D85-D8C37AA010CD}.Release|Win32.ActiveCfg = Release|Win32
		{014A6F69-4350-4335-9D85-D8C37AA010CD}.Release|Win32.Build.0 = Release|Win32
		{014A6F69-4350-4335-9D85-D8C37AA010CD}.Release|x64.ActiveCfg = Release|x64
		{014A6F69-4350-4335-9D85-D8C37AA010CD}.Release|x64.Build.0 = Release|x64
	EndGlobalSection
	GlobalSection(SolutionProperties) = preSolution
		HideSolutionNode = FALSE
	EndGlobalSection
	GlobalSection(ExtensibilityGlobals) = postSolution
		SolutionGuid = {B8F81A44-0E6F-4E70-9785-3788A143B63A}
	EndGlobalSection
EndGlobal
