<?xml version="1.0" encoding="utf-8"?>
<Project ToolsVersion="4.0" xmlns="http://schemas.microsoft.com/developer/msbuild/2003">
  <ItemGroup>
    <Filter Include="ソース ファイル">
      <UniqueIdentifier>{4FC737F1-C7A5-4376-A066-2A32D752A2FF}</UniqueIdentifier>
      <Extensions>cpp;c;cc;cxx;def;odl;idl;hpj;bat;asm;asmx</Extensions>
    </Filter>
    <Filter Include="ヘッダー ファイル">
      <UniqueIdentifier>{93995380-89BD-4b04-88EB-625FBE52EBFB}</UniqueIdentifier>
      <Extensions>h;hpp;hxx;hm;inl;inc;xsd</Extensions>
    </Filter>
    <Filter Include="リソース ファイル">
      <UniqueIdentifier>{67DA6AB6-F800-4c08-8B7A-83BB121AAD01}</UniqueIdentifier>
      <Extensions>rc;ico;cur;bmp;dlg;rc2;rct;bin;rgs;gif;jpg;jpeg;jpe;resx;tiff;tif;png;wav;mfcribbon-ms</Extensions>
    </Filter>
    <Filter Include="カスタム">
      <UniqueIdentifier>{df2e8835-36ba-4a41-96ab-be5dcd064679}</UniqueIdentifier>
    </Filter>
  </ItemGroup>
  <ItemGroup>
    <None Include="ReadMe.txt" />
  </ItemGroup>
  <ItemGroup>
    <ClInclude Include="..\jpeg-9b\cderror.h">
      <Filter>ヘッダー ファイル</Filter>
    </ClInclude>
    <ClInclude Include="..\jpeg-9b\cdjpeg.h">
      <Filter>ヘッダー ファイル</Filter>
    </ClInclude>
    <ClInclude Include="..\jpeg-9b\jconfig.h">
      <Filter>ヘッダー ファイル</Filter>
    </ClInclude>
    <ClInclude Include="..\jpeg-9b\jdct.h">
      <Filter>ヘッダー ファイル</Filter>
    </ClInclude>
    <ClInclude Include="..\jpeg-9b\jerror.h">
      <Filter>ヘッダー ファイル</Filter>
    </ClInclude>
    <ClInclude Include="..\jpeg-9b\jinclude.h">
      <Filter>ヘッダー ファイル</Filter>
    </ClInclude>
    <ClInclude Include="..\jpeg-9b\jmemsys.h">
      <Filter>ヘッダー ファイル</Filter>
    </ClInclude>
    <ClInclude Include="..\jpeg-9b\jmorecfg.h">
      <Filter>ヘッダー ファイル</Filter>
    </ClInclude>
    <ClInclude Include="..\jpeg-9b\jpegint.h">
      <Filter>ヘッダー ファイル</Filter>
    </ClInclude>
    <ClInclude Include="..\jpeg-9b\jversion.h">
      <Filter>ヘッダー ファイル</Filter>
    </ClInclude>
    <ClInclude Include="..\jpeg-9b\transupp.h">
      <Filter>ヘッダー ファイル</Filter>
    </ClInclude>
    <ClInclude Include="..\jpeg-9b\jpeglib.h">
      <Filter>カスタム</Filter>
    </ClInclude>
  </ItemGroup>
  <ItemGroup>
    <ClCompile Include="..\jpeg-9b\jaricom.c">
      <Filter>ソース ファイル</Filter>
    </ClCompile>
    <ClCompile Include="..\jpeg-9b\jcapimin.c">
      <Filter>ソース ファイル</Filter>
    </ClCompile>
    <ClCompile Include="..\jpeg-9b\jcapistd.c">
      <Filter>ソース ファイル</Filter>
    </ClCompile>
    <ClCompile Include="..\jpeg-9b\jcarith.c">
      <Filter>ソース ファイル</Filter>
    </ClCompile>
    <ClCompile Include="..\jpeg-9b\jccoefct.c">
      <Filter>ソース ファイル</Filter>
    </ClCompile>
    <ClCompile Include="..\jpeg-9b\jccolor.c">
      <Filter>ソース ファイル</Filter>
    </ClCompile>
    <ClCompile Include="..\jpeg-9b\jcdctmgr.c">
      <Filter>ソース ファイル</Filter>
    </ClCompile>
    <ClCompile Include="..\jpeg-9b\jchuff.c">
      <Filter>ソース ファイル</Filter>
    </ClCompile>
    <ClCompile Include="..\jpeg-9b\jcinit.c">
      <Filter>ソース ファイル</Filter>
    </ClCompile>
    <ClCompile Include="..\jpeg-9b\jcmainct.c">
      <Filter>ソース ファイル</Filter>
    </ClCompile>
    <ClCompile Include="..\jpeg-9b\jcmarker.c">
      <Filter>ソース ファイル</Filter>
    </ClCompile>
    <ClCompile Include="..\jpeg-9b\jcmaster.c">
      <Filter>ソース ファイル</Filter>
    </ClCompile>
    <ClCompile Include="..\jpeg-9b\jcomapi.c">
      <Filter>ソース ファイル</Filter>
    </ClCompile>
    <ClCompile Include="..\jpeg-9b\jcparam.c">
      <Filter>ソース ファイル</Filter>
    </ClCompile>
    <ClCompile Include="..\jpeg-9b\jcprepct.c">
      <Filter>ソース ファイル</Filter>
    </ClCompile>
    <ClCompile Include="..\jpeg-9b\jcsample.c">
      <Filter>ソース ファイル</Filter>
    </ClCompile>
    <ClCompile Include="..\jpeg-9b\jctrans.c">
      <Filter>ソース ファイル</Filter>
    </ClCompile>
    <ClCompile Include="..\jpeg-9b\jdapimin.c">
      <Filter>ソース ファイル</Filter>
    </ClCompile>
    <ClCompile Include="..\jpeg-9b\jdapistd.c">
      <Filter>ソース ファイル</Filter>
    </ClCompile>
    <ClCompile Include="..\jpeg-9b\jdarith.c">
      <Filter>ソース ファイル</Filter>
    </ClCompile>
    <ClCompile Include="..\jpeg-9b\jdcoefct.c">
      <Filter>ソース ファイル</Filter>
    </ClCompile>
    <ClCompile Include="..\jpeg-9b\jdcolor.c">
      <Filter>ソース ファイル</Filter>
    </ClCompile>
    <ClCompile Include="..\jpeg-9b\jddctmgr.c">
      <Filter>ソース ファイル</Filter>
    </ClCompile>
    <ClCompile Include="..\jpeg-9b\jdhuff.c">
      <Filter>ソース ファイル</Filter>
    </ClCompile>
    <ClCompile Include="..\jpeg-9b\jdinput.c">
      <Filter>ソース ファイル</Filter>
    </ClCompile>
    <ClCompile Include="..\jpeg-9b\jdmainct.c">
      <Filter>ソース ファイル</Filter>
    </ClCompile>
    <ClCompile Include="..\jpeg-9b\jdmarker.c">
      <Filter>ソース ファイル</Filter>
    </ClCompile>
    <ClCompile Include="..\jpeg-9b\jdmaster.c">
      <Filter>ソース ファイル</Filter>
    </ClCompile>
    <ClCompile Include="..\jpeg-9b\jdmerge.c">
      <Filter>ソース ファイル</Filter>
    </ClCompile>
    <ClCompile Include="..\jpeg-9b\jdpostct.c">
      <Filter>ソース ファイル</Filter>
    </ClCompile>
    <ClCompile Include="..\jpeg-9b\jdsample.c">
      <Filter>ソース ファイル</Filter>
    </ClCompile>
    <ClCompile Include="..\jpeg-9b\jdtrans.c">
      <Filter>ソース ファイル</Filter>
    </ClCompile>
    <ClCompile Include="..\jpeg-9b\jerror.c">
      <Filter>ソース ファイル</Filter>
    </ClCompile>
    <ClCompile Include="..\jpeg-9b\jfdctflt.c">
      <Filter>ソース ファイル</Filter>
    </ClCompile>
    <ClCompile Include="..\jpeg-9b\jfdctfst.c">
      <Filter>ソース ファイル</Filter>
    </ClCompile>
    <ClCompile Include="..\jpeg-9b\jfdctint.c">
      <Filter>ソース ファイル</Filter>
    </ClCompile>
    <ClCompile Include="..\jpeg-9b\jidctflt.c">
      <Filter>ソース ファイル</Filter>
    </ClCompile>
    <ClCompile Include="..\jpeg-9b\jidctfst.c">
      <Filter>ソース ファイル</Filter>
    </ClCompile>
    <ClCompile Include="..\jpeg-9b\jidctint.c">
      <Filter>ソース ファイル</Filter>
    </ClCompile>
    <ClCompile Include="..\jpeg-9b\jmemmgr.c">
      <Filter>ソース ファイル</Filter>
    </ClCompile>
    <ClCompile Include="..\jpeg-9b\jmemnobs.c">
      <Filter>ソース ファイル</Filter>
    </ClCompile>
    <ClCompile Include="..\jpeg-9b\jquant1.c">
      <Filter>ソース ファイル</Filter>
    </ClCompile>
    <ClCompile Include="..\jpeg-9b\jquant2.c">
      <Filter>ソース ファイル</Filter>
    </ClCompile>
    <ClCompile Include="..\jpeg-9b\jutils.c">
      <Filter>ソース ファイル</Filter>
    </ClCompile>
    <ClCompile Include="..\jpeg-9b\jdatasrc.c">
      <Filter>カスタム</Filter>
    </ClCompile>
    <ClCompile Include="..\jpeg-9b\jdatadst.c">
      <Filter>カスタム</Filter>
    </ClCompile>
  </ItemGroup>
</Project>